
Microsoft Visual Studio Solution File, Format Version 12.00
# Visual Studio Version 16
VisualStudioVersion = 16.0.33529.622
MinimumVisualStudioVersion = 10.0.40219.1
Project("{FAE04EC0-301F-11D3-BF4B-00C04F79EFBC}") = "NewTransitlink", "NewTransitlink\NewTransitlink.csproj", "{B6D31DDB-AB50-482B-BB8A-F720A299F1D0}"
EndProject
Global
	GlobalSection(SolutionConfigurationPlatforms) = preSolution
		Debug|Any CPU = Debug|Any CPU
		Release|Any CPU = Release|Any CPU
	EndGlobalSection
	GlobalSection(ProjectConfigurationPlatforms) = postSolution
		{B6D31DDB-AB50-482B-BB8A-F720A299F1D0}.Debug|Any CPU.ActiveCfg = Debug|Any CPU
		{B6D31DDB-AB50-482B-BB8A-F720A299F1D0}.Debug|Any CPU.Build.0 = Debug|Any CPU
		{B6D31DDB-AB50-482B-BB8A-F720A299F1D0}.Release|Any CPU.ActiveCfg = Release|Any CPU
		{B6D31DDB-AB50-482B-BB8A-F720A299F1D0}.Release|Any CPU.Build.0 = Release|Any CPU
	EndGlobalSection
	GlobalSection(SolutionProperties) = preSolution
		HideSolutionNode = FALSE
	EndGlobalSection
	GlobalSection(ExtensibilityGlobals) = postSolution
		SolutionGuid = {C4F2AC7F-40D2-495B-BEFC-441B4A8A1E17}
	EndGlobalSection
EndGlobal
